Microsoft Visual Studio Solution File, Format Version 12.00
# Visual Studio Version 17
VisualStudioVersion = 17.5.2.0
MinimumVisualStudioVersion = 10.0.40219.1
Project("{FAE04EC0-301F-11D3-BF4B-00C04F79EFBC}") = "BtnNewPinpad", "BtnNewPinpad.csproj", "{222EA3F3-6C79-E357-45FB-BB0073BA9B82}"
EndProject
Global
	GlobalSection(SolutionConfigurationPlatforms) = preSolution
		Debug|Any CPU = Debug|Any CPU
		Release|Any CPU = Release|Any CPU
	EndGlobalSection
	GlobalSection(ProjectConfigurationPlatforms) = postSolution
		{222EA3F3-6C79-E357-45FB-BB0073BA9B82}.Debug|Any CPU.ActiveCfg = Debug|Any CPU
		{222EA3F3-6C79-E357-45FB-BB0073BA9B82}.Debug|Any CPU.Build.0 = Debug|Any CPU
		{222EA3F3-6C79-E357-45FB-BB0073BA9B82}.Release|Any CPU.ActiveCfg = Release|Any CPU
		{222EA3F3-6C79-E357-45FB-BB0073BA9B82}.Release|Any CPU.Build.0 = Release|Any CPU
	EndGlobalSection
	GlobalSection(SolutionProperties) = preSolution
		HideSolutionNode = FALSE
	EndGlobalSection
	GlobalSection(ExtensibilityGlobals) = postSolution
		SolutionGuid = {A804EF42-D5BF-4EEF-9094-08C47C945FDD}
	EndGlobalSection
EndGlobal
